// !$*UTF8*$!
{
	archiveVersion = 1;
	classes = {
	};
	objectVersion = 46;
	objects = {

/* Begin PBXBuildFile section */
		E891DC8C1A79D28900B5F594 /* main.m in Sources */ = {isa = PBXBuildFile; fileRef = E891DC8B1A79D28900B5F594 /* main.m */; };
		E891DC8F1A79D28900B5F594 /* AppDelegate.m in Sources */ = {isa = PBXBuildFile; fileRef = E891DC8E1A79D28900B5F594 /* AppDelegate.m */; };
		E891DC921A79D28900B5F594 /* ViewController.m in Sources */ = {isa = PBXBuildFile; fileRef = E891DC911A79D28900B5F594 /* ViewController.m */; };
		E891DC951A79D28900B5F594 /* Main.storyboard in Resources */ = {isa = PBXBuildFile; fileRef = E891DC931A79D28900B5F594 /* Main.storyboard */; };
		E891DC971A79D28900B5F594 /* Images.xcassets in Resources */ = {isa = PBXBuildFile; fileRef = E891DC961A79D28900B5F594 /* Images.xcassets */; };
		E891DC9A1A79D28900B5F594 /* LaunchScreen.xib in Resources */ = {isa = PBXBuildFile; fileRef = E891DC981A79D28900B5F594 /* LaunchScreen.xib */; };
		E891DCA61A79D28900B5F594 /* CommonToolLibTests.m in Sources */ = {isa = PBXBuildFile; fileRef = E891DCA51A79D28900B5F594 /* CommonToolLibTests.m */; };
/* End PBXBuildFile section */

/* Begin PBXContainerItemProxy section */
		E891DCA01A79D28900B5F594 /* PBXContainerItemProxy */ = {
			isa = PBXContainerItemProxy;
			containerPortal = E891DC7E1A79D28900B5F594 /* Project object */;
			proxyType = 1;
			remoteGlobalIDString = E891DC851A79D28900B5F594;
			remoteInfo = CommonToolLib;
		};
/* End PBXContainerItemProxy section */

/* Begin PBXFileReference section */
		E891DC861A79D28900B5F594 /* CommonToolLib.app */ = {isa = PBXFileReference; explicitFileType = wrapper.application; includeInIndex = 0; path = CommonToolLib.app; sourceTree = BUILT_PRODUCTS_DIR; };
		E891DC8A1A79D28900B5F594 /* Info.plist */ = {isa = PBXFileReference; lastKnownFileType = text.plist.xml; path = Info.plist; sourceTree = "<group>"; };
		E891DC8B1A79D28900B5F594 /* main.m */ = {isa = PBXFileReference; lastKnownFileType = sourcecode.c.objc; path = main.m; sourceTree = "<group>"; };
		E891DC8D1A79D28900B5F594 /* AppDelegate.h */ = {isa = PBXFileReference; lastKnownFileType = sourcecode.c.h; path = AppDelegate.h; sourceTree = "<group>"; };
		E891DC8E1A79D28900B5F594 /* AppDelegate.m */ = {isa = PBXFileReference; lastKnownFileType = sourcecode.c.objc; path = AppDelegate.m; sourceTree = "<group>"; };
		E891DC901A79D28900B5F594 /* ViewController.h */ = {isa = PBXFileReference; lastKnownFileType = sourcecode.c.h; path = ViewController.h; sourceTree = "<group>"; };
		E891DC911A79D28900B5F594 /* ViewController.m */ = {isa = PBXFileReference; lastKnownFileType = sourcecode.c.objc; path = ViewController.m; sourceTree = "<group>"; };
		E891DC941A79D28900B5F594 /* Base */ = {isa = PBXFileReference; lastKnownFileType = file.storyboard; name = Base; path = Base.lproj/Main.storyboard; sourceTree = "<group>"; };
		E891DC961A79D28900B5F594 /* Images.xcassets */ = {isa = PBXFileReference; lastKnownFileType = folder.assetcatalog; path = Images.xcassets; sourceTree = "<group>"; };
		E891DC991A79D28900B5F594 /* Base */ = {isa = PBXFileReference; lastKnownFileType = file.xib; name = Base; path = Base.lproj/LaunchScreen.xib; sourceTree = "<group>"; };
		E891DC9F1A79D28900B5F594 /* CommonToolLibTests.xctest */ = {isa = PBXFileReference; explicitFileType = wrapper.cfbundle; includeInIndex = 0; path = CommonToolLibTests.xctest; sourceTree = BUILT_PRODUCTS_DIR; };
		E891DCA41A79D28900B5F594 /* Info.plist */ = {isa = PBXFileReference; lastKnownFileType = text.plist.xml; path = Info.plist; sourceTree = "<group>"; };
		E891DCA51A79D28900B5F594 /* CommonToolLibTests.m */ = {isa = PBXFileReference; lastKnownFileType = sourcecode.c.objc; path = CommonToolLibTests.m; sourceTree = "<group>"; };
/* End PBXFileReference section */

/* Begin PBXFrameworksBuildPhase section */
		E891DC831A79D28900B5F594 /* Frameworks */ = {
			isa = PBXFrameworksBuildPhase;
			buildActionMask = 2147483647;
			files = (
			);
			runOnlyForDeploymentPostprocessing = 0;
		};
		E891DC9C1A79D28900B5F594 /* Frameworks */ = {
			isa = PBXFrameworksBuildPhase;
			buildActionMask = 2147483647;
			files = (
			);
			runOnlyForDeploymentPostprocessing = 0;
		};
/* End PBXFrameworksBuildPhase section */

/* Begin PBXGroup section */
		E891DC7D1A79D28900B5F594 = {
			isa = PBXGroup;
			children = (
				E891DC881A79D28900B5F594 /* CommonToolLib */,
				E891DCA21A79D28900B5F594 /* CommonToolLibTests */,
				E891DC871A79D28900B5F594 /* Products */,
			);
			sourceTree = "<group>";
		};
		E891DC871A79D28900B5F594 /* Products */ = {
			isa = PBXGroup;
			children = (
				E891DC861A79D28900B5F594 /* CommonToolLib.app */,
				E891DC9F1A79D28900B5F594 /* CommonToolLibTests.xctest */,
			);
			name = Products;
			sourceTree = "<group>";
		};
		E891DC881A79D28900B5F594 /* CommonToolLib */ = {
			isa = PBXGroup;
			children = (
				E891DC8D1A79D28900B5F594 /* AppDelegate.h */,
				E891DC8E1A79D28900B5F594 /* AppDelegate.m */,
				E891DC901A79D28900B5F594 /* ViewController.h */,
				E891DC911A79D28900B5F594 /* ViewController.m */,
				E891DC931A79D28900B5F594 /* Main.storyboard */,
				E891DC961A79D28900B5F594 /* Images.xcassets */,
				E891DC981A79D28900B5F594 /* LaunchScreen.xib */,
				E891DC891A79D28900B5F594 /* Supporting Files */,
			);
			path = CommonToolLib;
			sourceTree = "<group>";
		};
		E891DC891A79D28900B5F594 /* Supporting Files */ = {
			isa = PBXGroup;
			children = (
				E891DC8A1A79D28900B5F594 /* Info.plist */,
				E891DC8B1A79D28900B5F594 /* main.m */,
			);
			name = "Supporting Files";
			sourceTree = "<group>";
		};
		E891DCA21A79D28900B5F594 /* CommonToolLibTests */ = {
			isa = PBXGroup;
			children = (
				E891DCA51A79D28900B5F594 /* CommonToolLibTests.m */,
				E891DCA31A79D28900B5F594 /* Supporting Files */,
			);
			path = CommonToolLibTests;
			sourceTree = "<group>";
		};
		E891DCA31A79D28900B5F594 /* Supporting Files */ = {
			isa = PBXGroup;
			children = (
				E891DCA41A79D28900B5F594 /* Info.plist */,
			);
			name = "Supporting Files";
			sourceTree = "<group>";
		};
/* End PBXGroup section */

/* Begin PBXNativeTarget section */
		E891DC851A79D28900B5F594 /* CommonToolLib */ = {
			isa = PBXNativeTarget;
			buildConfigurationList = E891DCA91A79D28900B5F594 /* Build configuration list for PBXNativeTarget "CommonToolLib" */;
			buildPhases = (
				E891DC821A79D28900B5F594 /* Sources */,
				E891DC831A79D28900B5F594 /* Frameworks */,
				E891DC841A79D28900B5F594 /* Resources */,
			);
			buildRules = (
			);
			dependencies = (
			);
			name = CommonToolLib;
			productName = CommonToolLib;
			productReference = E891DC861A79D28900B5F594 /* CommonToolLib.app */;
			productType = "com.apple.product-type.application";
		};
		E891DC9E1A79D28900B5F594 /* CommonToolLibTests */ = {
			isa = PBXNativeTarget;
			buildConfigurationList = E891DCAC1A79D28900B5F594 /* Build configuration list for PBXNativeTarget "CommonToolLibTests" */;
			buildPhases = (
				E891DC9B1A79D28900B5F594 /* Sources */,
				E891DC9C1A79D28900B5F594 /* Frameworks */,
				E891DC9D1A79D28900B5F594 /* Resources */,
			);
			buildRules = (
			);
			dependencies = (
				E891DCA11A79D28900B5F594 /* PBXTargetDependency */,
			);
			name = CommonToolLibTests;
			productName = CommonToolLibTests;
			productReference = E891DC9F1A79D28900B5F594 /* CommonToolLibTests.xctest */;
			productType = "com.apple.product-type.bundle.unit-test";
		};
/* End PBXNativeTarget section */

/* Begin PBXProject section */
		E891DC7E1A79D28900B5F594 /* Project object */ = {
			isa = PBXProject;
			attributes = {
				LastUpgradeCheck = 0610;
				ORGANIZATIONNAME = todot;
				TargetAttributes = {
					E891DC851A79D28900B5F594 = {
						CreatedOnToolsVersion = 6.1;
					};
					E891DC9E1A79D28900B5F594 = {
						CreatedOnToolsVersion = 6.1;
						TestTargetID = E891DC851A79D28900B5F594;
					};
				};
			};
			buildConfigurationList = E891DC811A79D28900B5F594 /* Build configuration list for PBXProject "CommonToolLib" */;
			compatibilityVersion = "Xcode 3.2";
			developmentRegion = English;
			hasScannedForEncodings = 0;
			knownRegions = (
				en,
				Base,
			);
			mainGroup = E891DC7D1A79D28900B5F594;
			productRefGroup = E891DC871A79D28900B5F594 /* Products */;
			projectDirPath = "";
			projectRoot = "";
			targets = (
				E891DC851A79D28900B5F594 /* CommonToolLib */,
				E891DC9E1A79D28900B5F594 /* CommonToolLibTests */,
			);
		};
/* End PBXProject section */

/* Begin PBXResourcesBuildPhase section */
		E891DC841A79D28900B5F594 /* Resources */ = {
			isa = PBXResourcesBuildPhase;
			buildActionMask = 2147483647;
			files = (
				E891DC951A79D28900B5F594 /* Main.storyboard in Resources */,
				E891DC9A1A79D28900B5F594 /* LaunchScreen.xib in Resources */,
				E891DC971A79D28900B5F594 /* Images.xcassets in Resources */,
			);
			runOnlyForDeploymentPostprocessing = 0;
		};
		E891DC9D1A79D28900B5F594 /* Resources */ = {
			isa = PBXResourcesBuildPhase;
			buildActionMask = 2147483647;
			files = (
			);
			runOnlyForDeploymentPostprocessing = 0;
		};
/* End PBXResourcesBuildPhase section */

/* Begin PBXSourcesBuildPhase section */
		E891DC821A79D28900B5F594 /* Sources */ = {
			isa = PBXSourcesBuildPhase;
			buildActionMask = 2147483647;
			files = (
				E891DC921A79D28900B5F594 /* ViewController.m in Sources */,
				E891DC8F1A79D28900B5F594 /* AppDelegate.m in Sources */,
				E891DC8C1A79D28900B5F594 /* main.m in Sources */,
			);
			runOnlyForDeploymentPostprocessing = 0;
		};
		E891DC9B1A79D28900B5F594 /* Sources */ = {
			isa = PBXSourcesBuildPhase;
			buildActionMask = 2147483647;
			files = (
				E891DCA61A79D28900B5F594 /* CommonToolLibTests.m in Sources */,
			);
			runOnlyForDeploymentPostprocessing = 0;
		};
/* End PBXSourcesBuildPhase section */

/* Begin PBXTargetDependency section */
		E891DCA11A79D28900B5F594 /* PBXTargetDependency */ = {
			isa = PBXTargetDependency;
			target = E891DC851A79D28900B5F594 /* CommonToolLib */;
			targetProxy = E891DCA01A79D28900B5F594 /* PBXContainerItemProxy */;
		};
/* End PBXTargetDependency section */

/* Begin PBXVariantGroup section */
		E891DC931A79D28900B5F594 /* Main.storyboard */ = {
			isa = PBXVariantGroup;
			children = (
				E891DC941A79D28900B5F594 /* Base */,
			);
			name = Main.storyboard;
			sourceTree = "<group>";
		};
		E891DC981A79D28900B5F594 /* LaunchScreen.xib */ = {
			isa = PBXVariantGroup;
			children = (
				E891DC991A79D28900B5F594 /* Base */,
			);
			name = LaunchScreen.xib;
			sourceTree = "<group>";
		};
/* End PBXVariantGroup section */

/* Begin XCBuildConfiguration section */
		E891DCA71A79D28900B5F594 /* Debug */ = {
			isa = XCBuildConfiguration;
			buildSettings = {
				ALWAYS_SEARCH_USER_PATHS = NO;
				CLANG_CXX_LANGUAGE_STANDARD = "gnu++0x";
				CLANG_CXX_LIBRARY = "libc++";
				CLANG_ENABLE_MODULES = YES;
				CLANG_ENABLE_OBJC_ARC = YES;
				CLANG_WARN_BOOL_CONVERSION = YES;
				CLANG_WARN_CONSTANT_CONVERSION = YES;
				CLANG_WARN_DIRECT_OBJC_ISA_USAGE = YES_ERROR;
				CLANG_WARN_EMPTY_BODY = YES;
				CLANG_WARN_ENUM_CONVERSION = YES;
				CLANG_WARN_INT_CONVERSION = YES;
				CLANG_WARN_OBJC_ROOT_CLASS = YES_ERROR;
				CLANG_WARN_UNREACHABLE_CODE = YES;
				CLANG_WARN__DUPLICATE_METHOD_MATCH = YES;
				"CODE_SIGN_IDENTITY[sdk=iphoneos*]" = "iPhone Developer";
				COPY_PHASE_STRIP = NO;
				ENABLE_STRICT_OBJC_MSGSEND = YES;
				GCC_C_LANGUAGE_STANDARD = gnu99;
				GCC_DYNAMIC_NO_PIC = NO;
				GCC_OPTIMIZATION_LEVEL = 0;
				GCC_PREPROCESSOR_DEFINITIONS = (
					"DEBUG=1",
					"$(inherited)",
				);
				GCC_SYMBOLS_PRIVATE_EXTERN = NO;
				GCC_WARN_64_TO_32_BIT_CONVERSION = YES;
				GCC_WARN_ABOUT_RETURN_TYPE = YES_ERROR;
				GCC_WARN_UNDECLARED_SELECTOR = YES;
				GCC_WARN_UNINITIALIZED_AUTOS = YES_AGGRESSIVE;
				GCC_WARN_UNUSED_FUNCTION = YES;
				GCC_WARN_UNUSED_VARIABLE = YES;
				IPHONEOS_DEPLOYMENT_TARGET = 8.1;
				MTL_ENABLE_DEBUG_INFO = YES;
				ONLY_ACTIVE_ARCH = YES;
				SDKROOT = iphoneos;
				TARGETED_DEVICE_FAMILY = "1,2";
			};
			name = Debug;
		};
		E891DCA81A79D28900B5F594 /* Release */ = {
			isa = XCBuildConfiguration;
			buildSettings = {
				ALWAYS_SEARCH_USER_PATHS = NO;
				CLANG_CXX_LANGUAGE_STANDARD = "gnu++0x";
				CLANG_CXX_LIBRARY = "libc++";
				CLANG_ENABLE_MODULES = YES;
				CLANG_ENABLE_OBJC_ARC = YES;
				CLANG_WARN_BOOL_CONVERSION = YES;
				CLANG_WARN_CONSTANT_CONVERSION = YES;
				CLANG_WARN_DIRECT_OBJC_ISA_USAGE = YES_ERROR;
				CLANG_WARN_EMPTY_BODY = YES;
				CLANG_WARN_ENUM_CONVERSION = YES;
				CLANG_WARN_INT_CONVERSION = YES;
				CLANG_WARN_OBJC_ROOT_CLASS = YES_ERROR;
				CLANG_WARN_UNREACHABLE_CODE = YES;
				CLANG_WARN__DUPLICATE_METHOD_MATCH = YES;
				"CODE_SIGN_IDENTITY[sdk=iphoneos*]" = "iPhone Developer";
				COPY_PHASE_STRIP = YES;
				ENABLE_NS_ASSERTIONS = NO;
				ENABLE_STRICT_OBJC_MSGSEND = YES;
				GCC_C_LANGUAGE_STANDARD = gnu99;
				GCC_WARN_64_TO_32_BIT_CONVERSION = YES;
				GCC_WARN_ABOUT_RETURN_TYPE = YES_ERROR;
				GCC_WARN_UNDECLARED_SELECTOR = YES;
				GCC_WARN_UNINITIALIZED_AUTOS = YES_AGGRESSIVE;
				GCC_WARN_UNUSED_FUNCTION = YES;
				GCC_WARN_UNUSED_VARIABLE = YES;
				IPHONEOS_DEPLOYMENT_TARGET = 8.1;
				MTL_ENABLE_DEBUG_INFO = NO;
				SDKROOT = iphoneos;
				TARGETED_DEVICE_FAMILY = "1,2";
				VALIDATE_PRODUCT = YES;
			};
			name = Release;
		};
		E891DCAA1A79D28900B5F594 /* Debug */ = {
			isa = XCBuildConfiguration;
			buildSettings = {
				ASSETCATALOG_COMPILER_APPICON_NAME = AppIcon;
				INFOPLIST_FILE = CommonToolLib/Info.plist;
				LD_RUNPATH_SEARCH_PATHS = "$(inherited) @executable_path/Frameworks";
				PRODUCT_NAME = "$(TARGET_NAME)";
			};
			name = Debug;
		};
		E891DCAB1A79D28900B5F594 /* Release */ = {
			isa = XCBuildConfiguration;
			buildSettings = {
				ASSETCATALOG_COMPILER_APPICON_NAME = AppIcon;
				INFOPLIST_FILE = CommonToolLib/Info.plist;
				LD_RUNPATH_SEARCH_PATHS = "$(inherited) @executable_path/Frameworks";
				PRODUCT_NAME = "$(TARGET_NAME)";
			};
			name = Release;
		};
		E891DCAD1A79D28900B5F594 /* Debug */ = {
			isa = XCBuildConfiguration;
			buildSettings = {
				BUNDLE_LOADER = "$(TEST_HOST)";
				FRAMEWORK_SEARCH_PATHS = (
					"$(SDKROOT)/Developer/Library/Frameworks",
					"$(inherited)",
				);
				GCC_PREPROCESSOR_DEFINITIONS = (
					"DEBUG=1",
					"$(inherited)",
				);
				INFOPLIST_FILE = CommonToolLibTests/Info.plist;
				LD_RUNPATH_SEARCH_PATHS = "$(inherited) @executable_path/Frameworks @loader_path/Frameworks";
				PRODUCT_NAME = "$(TARGET_NAME)";
				TEST_HOST = "$(BUILT_PRODUCTS_DIR)/CommonToolLib.app/CommonToolLib";
			};
			name = Debug;
		};
		E891DCAE1A79D28900B5F594 /* Release */ = {
			isa = XCBuildConfiguration;
			buildSettings = {
				BUNDLE_LOADER = "$(TEST_HOST)";
				FRAMEWORK_SEARCH_PATHS = (
					"$(SDKROOT)/Developer/Library/Frameworks",
					"$(inherited)",
				);
				INFOPLIST_FILE = CommonToolLibTests/Info.plist;
				LD_RUNPATH_SEARCH_PATHS = "$(inherited) @executable_path/Frameworks @loader_path/Frameworks";
				PRODUCT_NAME = "$(TARGET_NAME)";
				TEST_HOST = "$(BUILT_PRODUCTS_DIR)/CommonToolLib.app/CommonToolLib";
			};
			name = Release;
		};
/* End XCBuildConfiguration section */

/* Begin XCConfigurationList section */
		E891DC811A79D28900B5F594 /* Build configuration list for PBXProject "CommonToolLib" */ = {
			isa = XCConfigurationList;
			buildConfigurations = (
				E891DCA71A79D28900B5F594 /* Debug */,
				E891DCA81A79D28900B5F594 /* Release */,
			);
			defaultConfigurationIsVisible = 0;
			defaultConfigurationName = Release;
		};
		E891DCA91A79D28900B5F594 /* Build configuration list for PBXNativeTarget "CommonToolLib" */ = {
			isa = XCConfigurationList;
			buildConfigurations = (
				E891DCAA1A79D28900B5F594 /* Debug */,
				E891DCAB1A79D28900B5F594 /* Release */,
			);
			defaultConfigurationIsVisible = 0;
		};
		E891DCAC1A79D28900B5F594 /* Build configuration list for PBXNativeTarget "CommonToolLibTests" */ = {
			isa = XCConfigurationList;
			buildConfigurations = (
				E891DCAD1A79D28900B5F594 /* Debug */,
				E891DCAE1A79D28900B5F594 /* Release */,
			);
			defaultConfigurationIsVisible = 0;
		};
/* End XCConfigurationList section */
	};
	rootObject = E891DC7E1A79D28900B5F594 /* Project object */;
}
